{
  "name": "gather-upstairs",
  "version": "1.0.0",
  "lockfileVersion": 2,
  "requires": true,
  "packages": {
    "": {
      "name": "gather-upstairs",
      "version": "1.0.0",
      "license": "ISC",
      "devDependencies": {
        "pnpm": "^7.27.1"
      }
    },
    "node_modules/pnpm": {
      "version": "7.27.1",
      "resolved": "https://registry.npmmirror.com/pnpm/-/pnpm-7.27.1.tgz",
      "integrity": "sha512-IpBeZ+71slENbuOXwbV4U6yxOMfEWEvlVuT6+ChZ1D80oF0eHyN4h/hc13UrzVXpXI3bf7sPfRWGb8TYkrvJUA==",
      "dev": true,
      "bin": {
        "pnpm": "bin/pnpm.cjs",
        "pnpx": "bin/pnpx.cjs"
      },
      "engines": {
        "node": ">=14.6"
      }
    }
  },
  "dependencies": {
    "pnpm": {
      "version": "7.27.1",
      "resolved": "https://registry.npmmirror.com/pnpm/-/pnpm-7.27.1.tgz",
      "integrity": "sha512-IpBeZ+71slENbuOXwbV4U6yxOMfEWEvlVuT6+ChZ1D80oF0eHyN4h/hc13UrzVXpXI3bf7sPfRWGb8TYkrvJUA==",
      "dev": true
    }
  }
}
